
Microsoft Visual Studio Solution File, Format Version 12.00
# Visual Studio Version 17
VisualStudioVersion = 17.2.32630.192
MinimumVisualStudioVersion = 10.0.40219.1
Project("{FAE04EC0-301F-11D3-BF4B-00C04F79EFBC}") = "DataAccess", "DataAccess\DataAccess.csproj", "{6AB3D509-08D1-4F72-BD20-141409AA6550}"
EndProject
Global
	GlobalSection(SolutionConfigurationPlatforms) = preSolution
		Debug|Any CPU = Debug|Any CPU
		Release|Any CPU = Release|Any CPU
	EndGlobalSection
	GlobalSection(ProjectConfigurationPlatforms) = postSolution
		{6AB3D509-08D1-4F72-BD20-141409AA6550}.Debug|Any CPU.ActiveCfg = Debug|Any CPU
		{6AB3D509-08D1-4F72-BD20-141409AA6550}.Debug|Any CPU.Build.0 = Debug|Any CPU
		{6AB3D509-08D1-4F72-BD20-141409AA6550}.Release|Any CPU.ActiveCfg = Release|Any CPU
		{6AB3D509-08D1-4F72-BD20-141409AA6550}.Release|Any CPU.Build.0 = Release|Any CPU
	EndGlobalSection
	GlobalSection(SolutionProperties) = preSolution
		HideSolutionNode = FALSE
	EndGlobalSection
	GlobalSection(ExtensibilityGlobals) = postSolution
		SolutionGuid = {652D49D9-8DD5-4026-9FF6-169168868D38}
	EndGlobalSection
EndGlobal
